
Microsoft Visual Studio Solution File, Format Version 12.00
# Visual Studio 15
VisualStudioVersion = 15.0.28307.572
MinimumVisualStudioVersion = 10.0.40219.1
Project("{FAE04EC0-301F-11D3-BF4B-00C04F79EFBC}") = "2002807_Maeda_TextEditor", "2002807_Maeda_TextEditor\2002807_Maeda_TextEditor.csproj", "{E3636B58-B298-41FC-B845-D64894590FD4}"
EndProject
Global
	GlobalSection(SolutionConfigurationPlatforms) = preSolution
		Debug|Any CPU = Debug|Any CPU
		Release|Any CPU = Release|Any CPU
	EndGlobalSection
	GlobalSection(ProjectConfigurationPlatforms) = postSolution
		{E3636B58-B298-41FC-B845-D64894590FD4}.Debug|Any CPU.ActiveCfg = Debug|Any CPU
		{E3636B58-B298-41FC-B845-D64894590FD4}.Debug|Any CPU.Build.0 = Debug|Any CPU
		{E3636B58-B298-41FC-B845-D64894590FD4}.Release|Any CPU.ActiveCfg = Release|Any CPU
		{E3636B58-B298-41FC-B845-D64894590FD4}.Release|Any CPU.Build.0 = Release|Any CPU
	EndGlobalSection
	GlobalSection(SolutionProperties) = preSolution
		HideSolutionNode = FALSE
	EndGlobalSection
	GlobalSection(ExtensibilityGlobals) = postSolution
		SolutionGuid = {3ADA65C3-ED8C-4A74-AF43-8E16EE87AE69}
	EndGlobalSection
EndGlobal
